
Microsoft Visual Studio Solution File, Format Version 12.00
# Visual Studio Version 16
VisualStudioVersion = 16.0.30011.22
MinimumVisualStudioVersion = 10.0.40219.1
Project("{9A19103F-16F7-4668-BE54-9A1E7A4F7556}") = "MontyHall", "MontyHall\MontyHall.csproj", "{15345363-FA77-4B4F-9E53-DD5BAA1EF21E}"
EndProject
Project("{FAE04EC0-301F-11D3-BF4B-00C04F79EFBC}") = "MontyHall.Tests", "MontyHall.Tests\MontyHall.Tests.csproj", "{EF348A51-7611-4C84-9176-42BB1B90B470}"
EndProject
Global
	GlobalSection(SolutionConfigurationPlatforms) = preSolution
		Debug|Any CPU = Debug|Any CPU
		Release|Any CPU = Release|Any CPU
	EndGlobalSection
	GlobalSection(ProjectConfigurationPlatforms) = postSolution
		{15345363-FA77-4B4F-9E53-DD5BAA1EF21E}.Debug|Any CPU.ActiveCfg = Debug|Any CPU
		{15345363-FA77-4B4F-9E53-DD5BAA1EF21E}.Debug|Any CPU.Build.0 = Debug|Any CPU
		{15345363-FA77-4B4F-9E53-DD5BAA1EF21E}.Release|Any CPU.ActiveCfg = Release|Any CPU
		{15345363-FA77-4B4F-9E53-DD5BAA1EF21E}.Release|Any CPU.Build.0 = Release|Any CPU
		{EF348A51-7611-4C84-9176-42BB1B90B470}.Debug|Any CPU.ActiveCfg = Debug|Any CPU
		{EF348A51-7611-4C84-9176-42BB1B90B470}.Debug|Any CPU.Build.0 = Debug|Any CPU
		{EF348A51-7611-4C84-9176-42BB1B90B470}.Release|Any CPU.ActiveCfg = Release|Any CPU
		{EF348A51-7611-4C84-9176-42BB1B90B470}.Release|Any CPU.Build.0 = Release|Any CPU
	EndGlobalSection
	GlobalSection(SolutionProperties) = preSolution
		HideSolutionNode = FALSE
	EndGlobalSection
	GlobalSection(ExtensibilityGlobals) = postSolution
		SolutionGuid = {5D664CCC-92F8-4874-ADB5-8917627C9680}
	EndGlobalSection
EndGlobal
